
Microsoft Visual Studio Solution File, Format Version 12.00
# Visual Studio Version 17
VisualStudioVersion = 17.7.34221.43
MinimumVisualStudioVersion = 10.0.40219.1
Project("{FAE04EC0-301F-11D3-BF4B-00C04F79EFBC}") = "JQueryAssignment", "JQueryAssignment\JQueryAssignment.csproj", "{20FD2BDF-3B61-40CC-9940-25186DE1D363}"
EndProject
Global
	GlobalSection(SolutionConfigurationPlatforms) = preSolution
		Debug|Any CPU = Debug|Any CPU
		Release|Any CPU = Release|Any CPU
	EndGlobalSection
	GlobalSection(ProjectConfigurationPlatforms) = postSolution
		{20FD2BDF-3B61-40CC-9940-25186DE1D363}.Debug|Any CPU.ActiveCfg = Debug|Any CPU
		{20FD2BDF-3B61-40CC-9940-25186DE1D363}.Debug|Any CPU.Build.0 = Debug|Any CPU
		{20FD2BDF-3B61-40CC-9940-25186DE1D363}.Release|Any CPU.ActiveCfg = Release|Any CPU
		{20FD2BDF-3B61-40CC-9940-25186DE1D363}.Release|Any CPU.Build.0 = Release|Any CPU
	EndGlobalSection
	GlobalSection(SolutionProperties) = preSolution
		HideSolutionNode = FALSE
	EndGlobalSection
	GlobalSection(ExtensibilityGlobals) = postSolution
		SolutionGuid = {6788BDF8-DE32-46C8-965A-AC46F5B44E97}
	EndGlobalSection
EndGlobal
